
Microsoft Visual Studio Solution File, Format Version 12.00
# Visual Studio Version 16
VisualStudioVersion = 16.0.31624.102
MinimumVisualStudioVersion = 10.0.40219.1
Project("{FAE04EC0-301F-11D3-BF4B-00C04F79EFBC}") = "ConvertExcelToJson", "ConvertExcelToJson\ConvertExcelToJson.csproj", "{32C8D025-F14A-49DF-8FDF-82AA24AA2A38}"
EndProject
Global
	GlobalSection(SolutionConfigurationPlatforms) = preSolution
		Debug|Any CPU = Debug|Any CPU
		Release|Any CPU = Release|Any CPU
	EndGlobalSection
	GlobalSection(ProjectConfigurationPlatforms) = postSolution
		{32C8D025-F14A-49DF-8FDF-82AA24AA2A38}.Debug|Any CPU.ActiveCfg = Debug|Any CPU
		{32C8D025-F14A-49DF-8FDF-82AA24AA2A38}.Debug|Any CPU.Build.0 = Debug|Any CPU
		{32C8D025-F14A-49DF-8FDF-82AA24AA2A38}.Release|Any CPU.ActiveCfg = Release|Any CPU
		{32C8D025-F14A-49DF-8FDF-82AA24AA2A38}.Release|Any CPU.Build.0 = Release|Any CPU
	EndGlobalSection
	GlobalSection(SolutionProperties) = preSolution
		HideSolutionNode = FALSE
	EndGlobalSection
	GlobalSection(ExtensibilityGlobals) = postSolution
		SolutionGuid = {7C1C9115-B184-4F59-9291-3CE4D8939934}
	EndGlobalSection
EndGlobal
